version: 1.0
shards:
  exception_page:
    github: crystal-loot/exception_page
    version: 0.1.4

  kemal:
    github: kemalcr/kemal
    commit: 70684a2cf07aa36fd92f2cfb26843f52fff5a10f

  kilt:
    github: jeromegn/kilt
    version: 0.4.0

  radix:
    github: luislavena/radix
    version: 0.3.9

