version: 1.0
shards:
  baked_file_system:
    github: schovi/baked_file_system
    commit: 24dbaf2180b872c0f0fc777b34e3759108959e6e

  exception_page:
    github: crystal-loot/exception_page
    version: 0.1.1

  kemal:
    github: kemalcr/kemal
    version: 0.24.0

  kilt:
    github: jeromegn/kilt
    version: 0.4.0

  mime:
    github: woodruffw/crystal-mime
    commit: eb7881b90f99804da0a25866f36dc8dda56227f3

  radix:
    github: luislavena/radix
    version: 0.3.8

